// !$*UTF8*$!
{
	archiveVersion = 1;
	classes = {
	};
	objectVersion = 77;
	objects = {

/* Begin PBXBuildFile section */
		050980359F1180012E9D3CBC /* AppearanceManager.swift in Sources */ = {isa = PBXBuildFile; fileRef = 765271B94F125643F18F3646 /* AppearanceManager.swift */; };
		0C79D35D1C1B65C542D61330 /* Goal.swift in Sources */ = {isa = PBXBuildFile; fileRef = 13547F14B9304DE2AE925ED2 /* Goal.swift */; };
		0D87387D9625A5E0D6645E02 /* ICloudMonitor.swift in Sources */ = {isa = PBXBuildFile; fileRef = 29D32D124C715340FD2DC350 /* ICloudMonitor.swift */; };
		0F7F142E18D533C8791C697B /* MortalLoomApp.swift in Sources */ = {isa = PBXBuildFile; fileRef = 25A938EE48931E1A7D80455D /* MortalLoomApp.swift */; };
		102EC106BBDF1BC27CB3AC74 /* Theme.swift in Sources */ = {isa = PBXBuildFile; fileRef = 8A430A6D6F069A9C484A8BB2 /* Theme.swift */; };
		17B7AFAED17D2200F9677430 /* HealthKitService.swift in Sources */ = {isa = PBXBuildFile; fileRef = 3C111B7B3DAB461735C8004F /* HealthKitService.swift */; };
		193B171336A15EE178F25D61 /* ICloudMonitor.swift in Sources */ = {isa = PBXBuildFile; fileRef = 29D32D124C715340FD2DC350 /* ICloudMonitor.swift */; };
		259AA046172B3216F2A26D31 /* GenomeView.swift in Sources */ = {isa = PBXBuildFile; fileRef = 71A0187A10BAA3CC7819A176 /* GenomeView.swift */; };
		285C3B38D82FDF5C57FDAA1E /* EpigeneticTest.swift in Sources */ = {isa = PBXBuildFile; fileRef = 6DE7B02859718A26B4B9906E /* EpigeneticTest.swift */; };
		29AFDFA8BC814239784F41DC /* BodyView.swift in Sources */ = {isa = PBXBuildFile; fileRef = 4711239695D8FA36364CFC90 /* BodyView.swift */; };
		2CB9A37BB736198316B44405 /* GoalEngine.swift in Sources */ = {isa = PBXBuildFile; fileRef = 118A5A1BB8FDFBEDDACD2E0C /* GoalEngine.swift */; };
		2E1D5E1CCBA2285ED8D913BD /* ScreenshotTests.swift in Sources */ = {isa = PBXBuildFile; fileRef = 1B2CB5E984C7556ED4DE0610 /* ScreenshotTests.swift */; };
		30B68822C19248773D62696A /* LifeCalendarView.swift in Sources */ = {isa = PBXBuildFile; fileRef = 5ABFE2DBE2C3A4FAFEE5EE6E /* LifeCalendarView.swift */; };
		32B20B696284DEE2E3ED3ED6 /* SideMenuView.swift in Sources */ = {isa = PBXBuildFile; fileRef = 50C5058BFC45EAA680969317 /* SideMenuView.swift */; };
		3765ED39C36AEB475A71D25C /* MortalLoomTests.swift in Sources */ = {isa = PBXBuildFile; fileRef = 93CDAC363DF57A04037AECCA /* MortalLoomTests.swift */; };
		3784D4A41C14139EA74E88B0 /* BloodTest.swift in Sources */ = {isa = PBXBuildFile; fileRef = 92F50631566FFE40D88FAD5C /* BloodTest.swift */; };
		3842F700657CFF9D845E179E /* AppData.swift in Sources */ = {isa = PBXBuildFile; fileRef = 76AFC65F04DD19B1C921A47F /* AppData.swift */; };
		3C18B8B01E742711B45066D0 /* BodyEntry.swift in Sources */ = {isa = PBXBuildFile; fileRef = 3DE6F91C7E33B0F86F79570E /* BodyEntry.swift */; };
		3EB4BFEEC7B0A7546C3AA212 /* MortalLoomApp.swift in Sources */ = {isa = PBXBuildFile; fileRef = 25A938EE48931E1A7D80455D /* MortalLoomApp.swift */; };
		3ED7DB9F890E096685B588FA /* OnboardingView.swift in Sources */ = {isa = PBXBuildFile; fileRef = D5C2474BC3DD2C321255F1AB /* OnboardingView.swift */; };
		3F2F2D1B90AB3A95141A9988 /* BloodView.swift in Sources */ = {isa = PBXBuildFile; fileRef = 6BB3FF2B8EF635AAE437983D /* BloodView.swift */; };
		43F16D78B1B0322352E79E50 /* HealthKitSync.swift in Sources */ = {isa = PBXBuildFile; fileRef = 66616D81AC46D85C5D584F4F /* HealthKitSync.swift */; };
		47E4013FF9139533AA44FC4D /* DeathClockEngine.swift in Sources */ = {isa = PBXBuildFile; fileRef = B4C6F3F7D27B38D804FA5B61 /* DeathClockEngine.swift */; };
		4C31E78A1FDAC239E647CB2D /* DataStore.swift in Sources */ = {isa = PBXBuildFile; fileRef = CB2E368CC2CD70A93D9E7BAE /* DataStore.swift */; };
		4C7D365FE00B06FD6BEF3568 /* OnboardingView.swift in Sources */ = {isa = PBXBuildFile; fileRef = D5C2474BC3DD2C321255F1AB /* OnboardingView.swift */; };
		4E21F7279130B3025E25A8EA /* DataStore.swift in Sources */ = {isa = PBXBuildFile; fileRef = CB2E368CC2CD70A93D9E7BAE /* DataStore.swift */; };
		515DD50D2EF016BD9377F88E /* HealthMetricEntry.swift in Sources */ = {isa = PBXBuildFile; fileRef = 44962B353191269E702D9756 /* HealthMetricEntry.swift */; };
		528323E013ED0AE7CB0D781A /* SampleData.swift in Sources */ = {isa = PBXBuildFile; fileRef = 581A48FA229D5FCAD176458F /* SampleData.swift */; };
		53B90A52CDA6CC6EAEF56C54 /* AppData.swift in Sources */ = {isa = PBXBuildFile; fileRef = 76AFC65F04DD19B1C921A47F /* AppData.swift */; };
		576B5647EBFAD63011F04625 /* BodyView.swift in Sources */ = {isa = PBXBuildFile; fileRef = 4711239695D8FA36364CFC90 /* BodyView.swift */; };
		5A2E410C2C2B798ACABD6D2F /* LifestyleView.swift in Sources */ = {isa = PBXBuildFile; fileRef = DFAFEF1D1D8E89AA3E949F4F /* LifestyleView.swift */; };
		5A3E8008092B76059EE64CB5 /* GoalEngine.swift in Sources */ = {isa = PBXBuildFile; fileRef = 118A5A1BB8FDFBEDDACD2E0C /* GoalEngine.swift */; };
		5A899756D6699F992ED25C16 /* GoalsView.swift in Sources */ = {isa = PBXBuildFile; fileRef = 1F9ADA70E28A5E28CA55C63F /* GoalsView.swift */; };
		64B0B5357DF80CDAEB3370A1 /* DeathClockEngine.swift in Sources */ = {isa = PBXBuildFile; fileRef = B4C6F3F7D27B38D804FA5B61 /* DeathClockEngine.swift */; };
		6B55E49F18136F5F6D016FAC /* AppearanceManager.swift in Sources */ = {isa = PBXBuildFile; fileRef = 765271B94F125643F18F3646 /* AppearanceManager.swift */; };
		6BF9BE408C71949F1E582340 /* HealthProfile.swift in Sources */ = {isa = PBXBuildFile; fileRef = 4FCF31AF121B47E7C7DF22B1 /* HealthProfile.swift */; };
		6E9F84A23A6E864D78163091 /* LifeCalendarView.swift in Sources */ = {isa = PBXBuildFile; fileRef = 5ABFE2DBE2C3A4FAFEE5EE6E /* LifeCalendarView.swift */; };
		6EF9106333950CF8212C2EA0 /* GenomeView.swift in Sources */ = {isa = PBXBuildFile; fileRef = 71A0187A10BAA3CC7819A176 /* GenomeView.swift */; };
		706C426B98DE5CF39A715C7E /* EpigeneticTest.swift in Sources */ = {isa = PBXBuildFile; fileRef = 6DE7B02859718A26B4B9906E /* EpigeneticTest.swift */; };
		74DDF95780AC8638A23077D4 /* CorrelationEngine.swift in Sources */ = {isa = PBXBuildFile; fileRef = 98CE91B429B04C112C38D411 /* CorrelationEngine.swift */; };
		8054925D9DFCF64D9F30523A /* HealthKitSync.swift in Sources */ = {isa = PBXBuildFile; fileRef = 66616D81AC46D85C5D584F4F /* HealthKitSync.swift */; };
		8511F3B807C1BD9B498818D4 /* HealthMetricEntry.swift in Sources */ = {isa = PBXBuildFile; fileRef = 44962B353191269E702D9756 /* HealthMetricEntry.swift */; };
		89C3332067D295F52E472691 /* EyeExam.swift in Sources */ = {isa = PBXBuildFile; fileRef = C6800ABC07A07655F56FA658 /* EyeExam.swift */; };
		95980F1A20C4AD1E940663E0 /* Assets.xcassets in Resources */ = {isa = PBXBuildFile; fileRef = 8DFE4C5B3F84209835BAB96B /* Assets.xcassets */; };
		9D54A8470E4B66EA28F7DBE9 /* BodyEntry.swift in Sources */ = {isa = PBXBuildFile; fileRef = 3DE6F91C7E33B0F86F79570E /* BodyEntry.swift */; };
		A17140154ACE65029AA7C02B /* HealthKitService.swift in Sources */ = {isa = PBXBuildFile; fileRef = 3C111B7B3DAB461735C8004F /* HealthKitService.swift */; };
		AA6C2E9E92FDD28CC9446059 /* SideMenuView.swift in Sources */ = {isa = PBXBuildFile; fileRef = 50C5058BFC45EAA680969317 /* SideMenuView.swift */; };
		AD7F1DCB8D68FC9792B1F154 /* Assets.xcassets in Resources */ = {isa = PBXBuildFile; fileRef = 8DFE4C5B3F84209835BAB96B /* Assets.xcassets */; };
		B7F6281A505841E019DE76FA /* SampleData.swift in Sources */ = {isa = PBXBuildFile; fileRef = 581A48FA229D5FCAD176458F /* SampleData.swift */; };
		B9CD04929700DA3CFF13A92E /* SubstanceEntry.swift in Sources */ = {isa = PBXBuildFile; fileRef = 14643E58DFCB5BCF7D13DC86 /* SubstanceEntry.swift */; };
		BB734E45988022F6F6C80BF3 /* SubstanceEntry.swift in Sources */ = {isa = PBXBuildFile; fileRef = 14643E58DFCB5BCF7D13DC86 /* SubstanceEntry.swift */; };
		C27099DAB0C46C3647878607 /* BloodView.swift in Sources */ = {isa = PBXBuildFile; fileRef = 6BB3FF2B8EF635AAE437983D /* BloodView.swift */; };
		C505D8C48C08E5ECEAE8215B /* BloodTest.swift in Sources */ = {isa = PBXBuildFile; fileRef = 92F50631566FFE40D88FAD5C /* BloodTest.swift */; };
		C7A81B14FF7FBF1AC44A8087 /* Goal.swift in Sources */ = {isa = PBXBuildFile; fileRef = 13547F14B9304DE2AE925ED2 /* Goal.swift */; };
		C880829A818791EC492E79A8 /* CorrelationEngine.swift in Sources */ = {isa = PBXBuildFile; fileRef = 98CE91B429B04C112C38D411 /* CorrelationEngine.swift */; };
		CAE4E3026BDDD0FF4A4CBBA1 /* SettingsView.swift in Sources */ = {isa = PBXBuildFile; fileRef = 37A71E4A0A8F1CD94F8E00BB /* SettingsView.swift */; };
		DD7B9C9787A28BAD1712D040 /* Theme.swift in Sources */ = {isa = PBXBuildFile; fileRef = 8A430A6D6F069A9C484A8BB2 /* Theme.swift */; };
		DE453F18D91452A344184BB6 /* EyeExam.swift in Sources */ = {isa = PBXBuildFile; fileRef = C6800ABC07A07655F56FA658 /* EyeExam.swift */; };
		E118CBAF40777154C639267F /* SettingsView.swift in Sources */ = {isa = PBXBuildFile; fileRef = 37A71E4A0A8F1CD94F8E00BB /* SettingsView.swift */; };
		E7899B9BBD38F6820A45779D /* SubstancesView.swift in Sources */ = {isa = PBXBuildFile; fileRef = 04C1C61D4BD2F3E4B50538F2 /* SubstancesView.swift */; };
		E9E92C07377B4F5069A8646E /* GoalsView.swift in Sources */ = {isa = PBXBuildFile; fileRef = 1F9ADA70E28A5E28CA55C63F /* GoalsView.swift */; };
		F6492A6DE3039DDD7AD27755 /* HealthProfile.swift in Sources */ = {isa = PBXBuildFile; fileRef = 4FCF31AF121B47E7C7DF22B1 /* HealthProfile.swift */; };
		F693696AC5E6CC72FC037C48 /* OverviewView.swift in Sources */ = {isa = PBXBuildFile; fileRef = 86691FE1BB15DD7BDC355BE6 /* OverviewView.swift */; };
		F70C90E5AEE5A80B621DDA0A /* OverviewView.swift in Sources */ = {isa = PBXBuildFile; fileRef = 86691FE1BB15DD7BDC355BE6 /* OverviewView.swift */; };
		F94DC225DE842B1FBDB919DC /* SubstancesView.swift in Sources */ = {isa = PBXBuildFile; fileRef = 04C1C61D4BD2F3E4B50538F2 /* SubstancesView.swift */; };
		F9CFE333BC9375AD2A481B9C /* LifestyleView.swift in Sources */ = {isa = PBXBuildFile; fileRef = DFAFEF1D1D8E89AA3E949F4F /* LifestyleView.swift */; };
		FB48FECF084FE4302BBFD024 /* MortalLoomTests.swift in Sources */ = {isa = PBXBuildFile; fileRef = 93CDAC363DF57A04037AECCA /* MortalLoomTests.swift */; };
/* End PBXBuildFile section */

/* Begin PBXContainerItemProxy section */
		0591E1B72CAFEC79575E2DF2 /* PBXContainerItemProxy */ = {
			isa = PBXContainerItemProxy;
			containerPortal = AA97B8DC6CC30137C00C725E /* Project object */;
			proxyType = 1;
			remoteGlobalIDString = 2B3719758DE43B582B14978B;
			remoteInfo = MortalLoom_iOS;
		};
		0A1476A1B7A19716F7D2901B /* PBXContainerItemProxy */ = {
			isa = PBXContainerItemProxy;
			containerPortal = AA97B8DC6CC30137C00C725E /* Project object */;
			proxyType = 1;
			remoteGlobalIDString = A0DED99AD0B32A6A9FF11972;
			remoteInfo = MortalLoom_macOS;
		};
		F89E935995737CAE101F0337 /* PBXContainerItemProxy */ = {
			isa = PBXContainerItemProxy;
			containerPortal = AA97B8DC6CC30137C00C725E /* Project object */;
			proxyType = 1;
			remoteGlobalIDString = 2B3719758DE43B582B14978B;
			remoteInfo = MortalLoom_iOS;
		};
/* End PBXContainerItemProxy section */

/* Begin PBXFileReference section */
		04C1C61D4BD2F3E4B50538F2 /* SubstancesView.swift */ = {isa = PBXFileReference; lastKnownFileType = sourcecode.swift; path = SubstancesView.swift; sourceTree = "<group>"; };
		118A5A1BB8FDFBEDDACD2E0C /* GoalEngine.swift */ = {isa = PBXFileReference; lastKnownFileType = sourcecode.swift; path = GoalEngine.swift; sourceTree = "<group>"; };
		13547F14B9304DE2AE925ED2 /* Goal.swift */ = {isa = PBXFileReference; lastKnownFileType = sourcecode.swift; path = Goal.swift; sourceTree = "<group>"; };
		14643E58DFCB5BCF7D13DC86 /* SubstanceEntry.swift */ = {isa = PBXFileReference; lastKnownFileType = sourcecode.swift; path = SubstanceEntry.swift; sourceTree = "<group>"; };
		1B2CB5E984C7556ED4DE0610 /* ScreenshotTests.swift */ = {isa = PBXFileReference; lastKnownFileType = sourcecode.swift; path = ScreenshotTests.swift; sourceTree = "<group>"; };
		1F9ADA70E28A5E28CA55C63F /* GoalsView.swift */ = {isa = PBXFileReference; lastKnownFileType = sourcecode.swift; path = GoalsView.swift; sourceTree = "<group>"; };
		25A938EE48931E1A7D80455D /* MortalLoomApp.swift */ = {isa = PBXFileReference; lastKnownFileType = sourcecode.swift; path = MortalLoomApp.swift; sourceTree = "<group>"; };
		29D32D124C715340FD2DC350 /* ICloudMonitor.swift */ = {isa = PBXFileReference; lastKnownFileType = sourcecode.swift; path = ICloudMonitor.swift; sourceTree = "<group>"; };
		37A71E4A0A8F1CD94F8E00BB /* SettingsView.swift */ = {isa = PBXFileReference; lastKnownFileType = sourcecode.swift; path = SettingsView.swift; sourceTree = "<group>"; };
		3C111B7B3DAB461735C8004F /* HealthKitService.swift */ = {isa = PBXFileReference; lastKnownFileType = sourcecode.swift; path = HealthKitService.swift; sourceTree = "<group>"; };
		3DE6F91C7E33B0F86F79570E /* BodyEntry.swift */ = {isa = PBXFileReference; lastKnownFileType = sourcecode.swift; path = BodyEntry.swift; sourceTree = "<group>"; };
		44962B353191269E702D9756 /* HealthMetricEntry.swift */ = {isa = PBXFileReference; lastKnownFileType = sourcecode.swift; path = HealthMetricEntry.swift; sourceTree = "<group>"; };
		4711239695D8FA36364CFC90 /* BodyView.swift */ = {isa = PBXFileReference; lastKnownFileType = sourcecode.swift; path = BodyView.swift; sourceTree = "<group>"; };
		4FCF31AF121B47E7C7DF22B1 /* HealthProfile.swift */ = {isa = PBXFileReference; lastKnownFileType = sourcecode.swift; path = HealthProfile.swift; sourceTree = "<group>"; };
		50C5058BFC45EAA680969317 /* SideMenuView.swift */ = {isa = PBXFileReference; lastKnownFileType = sourcecode.swift; path = SideMenuView.swift; sourceTree = "<group>"; };
		565672385B1B8A18B64FC8A8 /* MortalLoomUITests_iOS.xctest */ = {isa = PBXFileReference; includeInIndex = 0; lastKnownFileType = wrapper.cfbundle; path = MortalLoomUITests_iOS.xctest; sourceTree = BUILT_PRODUCTS_DIR; };
		581A48FA229D5FCAD176458F /* SampleData.swift */ = {isa = PBXFileReference; lastKnownFileType = sourcecode.swift; path = SampleData.swift; sourceTree = "<group>"; };
		5ABFE2DBE2C3A4FAFEE5EE6E /* LifeCalendarView.swift */ = {isa = PBXFileReference; lastKnownFileType = sourcecode.swift; path = LifeCalendarView.swift; sourceTree = "<group>"; };
		5C8ED8531BC086732C92DA9B /* MortalLoomTests_macOS.xctest */ = {isa = PBXFileReference; explicitFileType = wrapper.cfbundle; includeInIndex = 0; path = MortalLoomTests_macOS.xctest; sourceTree = BUILT_PRODUCTS_DIR; };
		63EFA7304632982F7F2C834D /* Info.plist */ = {isa = PBXFileReference; lastKnownFileType = text.plist; path = Info.plist; sourceTree = "<group>"; };
		66616D81AC46D85C5D584F4F /* HealthKitSync.swift */ = {isa = PBXFileReference; lastKnownFileType = sourcecode.swift; path = HealthKitSync.swift; sourceTree = "<group>"; };
		6BB3FF2B8EF635AAE437983D /* BloodView.swift */ = {isa = PBXFileReference; lastKnownFileType = sourcecode.swift; path = BloodView.swift; sourceTree = "<group>"; };
		6DE7B02859718A26B4B9906E /* EpigeneticTest.swift */ = {isa = PBXFileReference; lastKnownFileType = sourcecode.swift; path = EpigeneticTest.swift; sourceTree = "<group>"; };
		71A0187A10BAA3CC7819A176 /* GenomeView.swift */ = {isa = PBXFileReference; lastKnownFileType = sourcecode.swift; path = GenomeView.swift; sourceTree = "<group>"; };
		765271B94F125643F18F3646 /* AppearanceManager.swift */ = {isa = PBXFileReference; lastKnownFileType = sourcecode.swift; path = AppearanceManager.swift; sourceTree = "<group>"; };
		76AFC65F04DD19B1C921A47F /* AppData.swift */ = {isa = PBXFileReference; lastKnownFileType = sourcecode.swift; path = AppData.swift; sourceTree = "<group>"; };
		86691FE1BB15DD7BDC355BE6 /* OverviewView.swift */ = {isa = PBXFileReference; lastKnownFileType = sourcecode.swift; path = OverviewView.swift; sourceTree = "<group>"; };
		8A430A6D6F069A9C484A8BB2 /* Theme.swift */ = {isa = PBXFileReference; lastKnownFileType = sourcecode.swift; path = Theme.swift; sourceTree = "<group>"; };
		8B7AF9F6502500320E7D9D44 /* MortalLoom.app */ = {isa = PBXFileReference; explicitFileType = wrapper.application; includeInIndex = 0; path = MortalLoom.app; sourceTree = BUILT_PRODUCTS_DIR; };
		8DFE4C5B3F84209835BAB96B /* Assets.xcassets */ = {isa = PBXFileReference; lastKnownFileType = folder.assetcatalog; path = Assets.xcassets; sourceTree = "<group>"; };
		92F50631566FFE40D88FAD5C /* BloodTest.swift */ = {isa = PBXFileReference; lastKnownFileType = sourcecode.swift; path = BloodTest.swift; sourceTree = "<group>"; };
		93CDAC363DF57A04037AECCA /* MortalLoomTests.swift */ = {isa = PBXFileReference; lastKnownFileType = sourcecode.swift; path = MortalLoomTests.swift; sourceTree = "<group>"; };
		98CE91B429B04C112C38D411 /* CorrelationEngine.swift */ = {isa = PBXFileReference; lastKnownFileType = sourcecode.swift; path = CorrelationEngine.swift; sourceTree = "<group>"; };
		9A913A076D3406287294E60C /* MortalLoom.entitlements */ = {isa = PBXFileReference; lastKnownFileType = text.plist.entitlements; path = MortalLoom.entitlements; sourceTree = "<group>"; };
		9F15E56CD7761DC17846A67A /* MortalLoom.app */ = {isa = PBXFileReference; includeInIndex = 0; lastKnownFileType = wrapper.application; path = MortalLoom.app; sourceTree = BUILT_PRODUCTS_DIR; };
		B4C6F3F7D27B38D804FA5B61 /* DeathClockEngine.swift */ = {isa = PBXFileReference; lastKnownFileType = sourcecode.swift; path = DeathClockEngine.swift; sourceTree = "<group>"; };
		BEB68C77C3325AF758E23E9D /* MortalLoomTests_iOS.xctest */ = {isa = PBXFileReference; includeInIndex = 0; lastKnownFileType = wrapper.cfbundle; path = MortalLoomTests_iOS.xctest; sourceTree = BUILT_PRODUCTS_DIR; };
		C6800ABC07A07655F56FA658 /* EyeExam.swift */ = {isa = PBXFileReference; lastKnownFileType = sourcecode.swift; path = EyeExam.swift; sourceTree = "<group>"; };
		CB2E368CC2CD70A93D9E7BAE /* DataStore.swift */ = {isa = PBXFileReference; lastKnownFileType = sourcecode.swift; path = DataStore.swift; sourceTree = "<group>"; };
		D5C2474BC3DD2C321255F1AB /* OnboardingView.swift */ = {isa = PBXFileReference; lastKnownFileType = sourcecode.swift; path = OnboardingView.swift; sourceTree = "<group>"; };
		DFAFEF1D1D8E89AA3E949F4F /* LifestyleView.swift */ = {isa = PBXFileReference; lastKnownFileType = sourcecode.swift; path = LifestyleView.swift; sourceTree = "<group>"; };
/* End PBXFileReference section */

/* Begin PBXGroup section */
		0735569E352A35DA295334AF /* Models */ = {
			isa = PBXGroup;
			children = (
				76AFC65F04DD19B1C921A47F /* AppData.swift */,
				92F50631566FFE40D88FAD5C /* BloodTest.swift */,
				3DE6F91C7E33B0F86F79570E /* BodyEntry.swift */,
				6DE7B02859718A26B4B9906E /* EpigeneticTest.swift */,
				C6800ABC07A07655F56FA658 /* EyeExam.swift */,
				13547F14B9304DE2AE925ED2 /* Goal.swift */,
				44962B353191269E702D9756 /* HealthMetricEntry.swift */,
				4FCF31AF121B47E7C7DF22B1 /* HealthProfile.swift */,
				14643E58DFCB5BCF7D13DC86 /* SubstanceEntry.swift */,
			);
			path = Models;
			sourceTree = "<group>";
		};
		1BBC69BB43F3625EAE781C47 /* Views */ = {
			isa = PBXGroup;
			children = (
				6BB3FF2B8EF635AAE437983D /* BloodView.swift */,
				4711239695D8FA36364CFC90 /* BodyView.swift */,
				71A0187A10BAA3CC7819A176 /* GenomeView.swift */,
				1F9ADA70E28A5E28CA55C63F /* GoalsView.swift */,
				5ABFE2DBE2C3A4FAFEE5EE6E /* LifeCalendarView.swift */,
				DFAFEF1D1D8E89AA3E949F4F /* LifestyleView.swift */,
				D5C2474BC3DD2C321255F1AB /* OnboardingView.swift */,
				86691FE1BB15DD7BDC355BE6 /* OverviewView.swift */,
				37A71E4A0A8F1CD94F8E00BB /* SettingsView.swift */,
				50C5058BFC45EAA680969317 /* SideMenuView.swift */,
				04C1C61D4BD2F3E4B50538F2 /* SubstancesView.swift */,
			);
			path = Views;
			sourceTree = "<group>";
		};
		551E3EC94F5DFE5E0315E4FE /* App */ = {
			isa = PBXGroup;
			children = (
				8DFE4C5B3F84209835BAB96B /* Assets.xcassets */,
				63EFA7304632982F7F2C834D /* Info.plist */,
				9A913A076D3406287294E60C /* MortalLoom.entitlements */,
				25A938EE48931E1A7D80455D /* MortalLoomApp.swift */,
			);
			path = App;
			sourceTree = "<group>";
		};
		6C378C2253BD9DD74E5BC23F /* Engine */ = {
			isa = PBXGroup;
			children = (
				98CE91B429B04C112C38D411 /* CorrelationEngine.swift */,
				B4C6F3F7D27B38D804FA5B61 /* DeathClockEngine.swift */,
				118A5A1BB8FDFBEDDACD2E0C /* GoalEngine.swift */,
				3C111B7B3DAB461735C8004F /* HealthKitService.swift */,
				66616D81AC46D85C5D584F4F /* HealthKitSync.swift */,
				581A48FA229D5FCAD176458F /* SampleData.swift */,
			);
			path = Engine;
			sourceTree = "<group>";
		};
		6E9274E32608F1D549362C16 /* Storage */ = {
			isa = PBXGroup;
			children = (
				CB2E368CC2CD70A93D9E7BAE /* DataStore.swift */,
				29D32D124C715340FD2DC350 /* ICloudMonitor.swift */,
			);
			path = Storage;
			sourceTree = "<group>";
		};
		800505DC00BACA5D2DF18561 = {
			isa = PBXGroup;
			children = (
				BA60AC4E4AB0F67EC0B9E3F5 /* MortalLoom */,
				A6EFBCD1490A7CAFF8E0FDA4 /* MortalLoomTests */,
				E277B8B2C113240F9FABA441 /* MortalLoomUITests */,
				B42444FC21559C3EF65581F7 /* Products */,
			);
			sourceTree = "<group>";
		};
		A6EFBCD1490A7CAFF8E0FDA4 /* MortalLoomTests */ = {
			isa = PBXGroup;
			children = (
				93CDAC363DF57A04037AECCA /* MortalLoomTests.swift */,
			);
			path = MortalLoomTests;
			sourceTree = "<group>";
		};
		B42444FC21559C3EF65581F7 /* Products */ = {
			isa = PBXGroup;
			children = (
				9F15E56CD7761DC17846A67A /* MortalLoom.app */,
				8B7AF9F6502500320E7D9D44 /* MortalLoom.app */,
				BEB68C77C3325AF758E23E9D /* MortalLoomTests_iOS.xctest */,
				5C8ED8531BC086732C92DA9B /* MortalLoomTests_macOS.xctest */,
				565672385B1B8A18B64FC8A8 /* MortalLoomUITests_iOS.xctest */,
			);
			name = Products;
			sourceTree = "<group>";
		};
		BA60AC4E4AB0F67EC0B9E3F5 /* MortalLoom */ = {
			isa = PBXGroup;
			children = (
				551E3EC94F5DFE5E0315E4FE /* App */,
				6C378C2253BD9DD74E5BC23F /* Engine */,
				0735569E352A35DA295334AF /* Models */,
				6E9274E32608F1D549362C16 /* Storage */,
				E599AA8322014F85417D9A81 /* Theme */,
				1BBC69BB43F3625EAE781C47 /* Views */,
			);
			path = MortalLoom;
			sourceTree = "<group>";
		};
		E277B8B2C113240F9FABA441 /* MortalLoomUITests */ = {
			isa = PBXGroup;
			children = (
				1B2CB5E984C7556ED4DE0610 /* ScreenshotTests.swift */,
			);
			path = MortalLoomUITests;
			sourceTree = "<group>";
		};
		E599AA8322014F85417D9A81 /* Theme */ = {
			isa = PBXGroup;
			children = (
				765271B94F125643F18F3646 /* AppearanceManager.swift */,
				8A430A6D6F069A9C484A8BB2 /* Theme.swift */,
			);
			path = Theme;
			sourceTree = "<group>";
		};
/* End PBXGroup section */

/* Begin PBXNativeTarget section */
		2B3719758DE43B582B14978B /* MortalLoom_iOS */ = {
			isa = PBXNativeTarget;
			buildConfigurationList = 183DF249C37E4A0CB9E6F1F6 /* Build configuration list for PBXNativeTarget "MortalLoom_iOS" */;
			buildPhases = (
				A148AACC6C3AA6D3AD90D844 /* Sources */,
				028CEBD22F2ABBC6F4DB8391 /* Resources */,
			);
			buildRules = (
			);
			dependencies = (
			);
			name = MortalLoom_iOS;
			packageProductDependencies = (
			);
			productName = MortalLoom_iOS;
			productReference = 9F15E56CD7761DC17846A67A /* MortalLoom.app */;
			productType = "com.apple.product-type.application";
		};
		775BD4D581F6E7CBAABB6A4B /* MortalLoomTests_macOS */ = {
			isa = PBXNativeTarget;
			buildConfigurationList = 405608E35AE8C59AF53353FC /* Build configuration list for PBXNativeTarget "MortalLoomTests_macOS" */;
			buildPhases = (
				33EC488B6D867C9C06996940 /* Sources */,
			);
			buildRules = (
			);
			dependencies = (
				1480E76FA0005DD4D269241D /* PBXTargetDependency */,
			);
			name = MortalLoomTests_macOS;
			packageProductDependencies = (
			);
			productName = MortalLoomTests_macOS;
			productReference = 5C8ED8531BC086732C92DA9B /* MortalLoomTests_macOS.xctest */;
			productType = "com.apple.product-type.bundle.unit-test";
		};
		A0DED99AD0B32A6A9FF11972 /* MortalLoom_macOS */ = {
			isa = PBXNativeTarget;
			buildConfigurationList = AE92E1D225F45508E773C574 /* Build configuration list for PBXNativeTarget "MortalLoom_macOS" */;
			buildPhases = (
				E807A08906E51A628D0319C5 /* Sources */,
				12321516C214A7BB4717DBF5 /* Resources */,
			);
			buildRules = (
			);
			dependencies = (
			);
			name = MortalLoom_macOS;
			packageProductDependencies = (
			);
			productName = MortalLoom_macOS;
			productReference = 8B7AF9F6502500320E7D9D44 /* MortalLoom.app */;
			productType = "com.apple.product-type.application";
		};
		BCD47523F84BE1D077C166E5 /* MortalLoomTests_iOS */ = {
			isa = PBXNativeTarget;
			buildConfigurationList = 7450438796622DFC96206E7F /* Build configuration list for PBXNativeTarget "MortalLoomTests_iOS" */;
			buildPhases = (
				56DB0BB14003DB655619A4B2 /* Sources */,
			);
			buildRules = (
			);
			dependencies = (
				4B65A864B6C83A97142D078E /* PBXTargetDependency */,
			);
			name = MortalLoomTests_iOS;
			packageProductDependencies = (
			);
			productName = MortalLoomTests_iOS;
			productReference = BEB68C77C3325AF758E23E9D /* MortalLoomTests_iOS.xctest */;
			productType = "com.apple.product-type.bundle.unit-test";
		};
		D14CEF7D50E685454E8D52CE /* MortalLoomUITests_iOS */ = {
			isa = PBXNativeTarget;
			buildConfigurationList = 67B1C5EC93372CF8AE7BEF99 /* Build configuration list for PBXNativeTarget "MortalLoomUITests_iOS" */;
			buildPhases = (
				84361572B958E21B67DF14ED /* Sources */,
			);
			buildRules = (
			);
			dependencies = (
				1409680A6FBF6F10C371A416 /* PBXTargetDependency */,
			);
			name = MortalLoomUITests_iOS;
			packageProductDependencies = (
			);
			productName = MortalLoomUITests_iOS;
			productReference = 565672385B1B8A18B64FC8A8 /* MortalLoomUITests_iOS.xctest */;
			productType = "com.apple.product-type.bundle.ui-testing";
		};
/* End PBXNativeTarget section */

/* Begin PBXProject section */
		AA97B8DC6CC30137C00C725E /* Project object */ = {
			isa = PBXProject;
			attributes = {
				BuildIndependentTargetsInParallel = YES;
				LastUpgradeCheck = 1600;
				TargetAttributes = {
					2B3719758DE43B582B14978B = {
						DevelopmentTeam = TYQ32QCF6K;
						ProvisioningStyle = Automatic;
					};
					775BD4D581F6E7CBAABB6A4B = {
						DevelopmentTeam = TYQ32QCF6K;
					};
					A0DED99AD0B32A6A9FF11972 = {
						DevelopmentTeam = TYQ32QCF6K;
						ProvisioningStyle = Automatic;
					};
					BCD47523F84BE1D077C166E5 = {
						DevelopmentTeam = TYQ32QCF6K;
					};
					D14CEF7D50E685454E8D52CE = {
						DevelopmentTeam = TYQ32QCF6K;
						TestTargetID = 2B3719758DE43B582B14978B;
					};
				};
			};
			buildConfigurationList = E1A1CEB6C703E8A52DD33F10 /* Build configuration list for PBXProject "MortalLoom" */;
			developmentRegion = en;
			hasScannedForEncodings = 0;
			knownRegions = (
				Base,
				en,
			);
			mainGroup = 800505DC00BACA5D2DF18561;
			minimizedProjectReferenceProxies = 1;
			preferredProjectObjectVersion = 77;
			productRefGroup = B42444FC21559C3EF65581F7 /* Products */;
			projectDirPath = "";
			projectRoot = "";
			targets = (
				BCD47523F84BE1D077C166E5 /* MortalLoomTests_iOS */,
				775BD4D581F6E7CBAABB6A4B /* MortalLoomTests_macOS */,
				D14CEF7D50E685454E8D52CE /* MortalLoomUITests_iOS */,
				2B3719758DE43B582B14978B /* MortalLoom_iOS */,
				A0DED99AD0B32A6A9FF11972 /* MortalLoom_macOS */,
			);
		};
/* End PBXProject section */

/* Begin PBXResourcesBuildPhase section */
		028CEBD22F2ABBC6F4DB8391 /* Resources */ = {
			isa = PBXResourcesBuildPhase;
			buildActionMask = 2147483647;
			files = (
				95980F1A20C4AD1E940663E0 /* Assets.xcassets in Resources */,
			);
			runOnlyForDeploymentPostprocessing = 0;
		};
		12321516C214A7BB4717DBF5 /* Resources */ = {
			isa = PBXResourcesBuildPhase;
			buildActionMask = 2147483647;
			files = (
				AD7F1DCB8D68FC9792B1F154 /* Assets.xcassets in Resources */,
			);
			runOnlyForDeploymentPostprocessing = 0;
		};
/* End PBXResourcesBuildPhase section */

/* Begin PBXSourcesBuildPhase section */
		33EC488B6D867C9C06996940 /* Sources */ = {
			isa = PBXSourcesBuildPhase;
			buildActionMask = 2147483647;
			files = (
				FB48FECF084FE4302BBFD024 /* MortalLoomTests.swift in Sources */,
			);
			runOnlyForDeploymentPostprocessing = 0;
		};
		56DB0BB14003DB655619A4B2 /* Sources */ = {
			isa = PBXSourcesBuildPhase;
			buildActionMask = 2147483647;
			files = (
				3765ED39C36AEB475A71D25C /* MortalLoomTests.swift in Sources */,
			);
			runOnlyForDeploymentPostprocessing = 0;
		};
		84361572B958E21B67DF14ED /* Sources */ = {
			isa = PBXSourcesBuildPhase;
			buildActionMask = 2147483647;
			files = (
				2E1D5E1CCBA2285ED8D913BD /* ScreenshotTests.swift in Sources */,
			);
			runOnlyForDeploymentPostprocessing = 0;
		};
		A148AACC6C3AA6D3AD90D844 /* Sources */ = {
			isa = PBXSourcesBuildPhase;
			buildActionMask = 2147483647;
			files = (
				3842F700657CFF9D845E179E /* AppData.swift in Sources */,
				050980359F1180012E9D3CBC /* AppearanceManager.swift in Sources */,
				3784D4A41C14139EA74E88B0 /* BloodTest.swift in Sources */,
				C27099DAB0C46C3647878607 /* BloodView.swift in Sources */,
				3C18B8B01E742711B45066D0 /* BodyEntry.swift in Sources */,
				29AFDFA8BC814239784F41DC /* BodyView.swift in Sources */,
				C880829A818791EC492E79A8 /* CorrelationEngine.swift in Sources */,
				4C31E78A1FDAC239E647CB2D /* DataStore.swift in Sources */,
				47E4013FF9139533AA44FC4D /* DeathClockEngine.swift in Sources */,
				285C3B38D82FDF5C57FDAA1E /* EpigeneticTest.swift in Sources */,
				DE453F18D91452A344184BB6 /* EyeExam.swift in Sources */,
				6EF9106333950CF8212C2EA0 /* GenomeView.swift in Sources */,
				C7A81B14FF7FBF1AC44A8087 /* Goal.swift in Sources */,
				5A3E8008092B76059EE64CB5 /* GoalEngine.swift in Sources */,
				E9E92C07377B4F5069A8646E /* GoalsView.swift in Sources */,
				17B7AFAED17D2200F9677430 /* HealthKitService.swift in Sources */,
				8054925D9DFCF64D9F30523A /* HealthKitSync.swift in Sources */,
				8511F3B807C1BD9B498818D4 /* HealthMetricEntry.swift in Sources */,
				6BF9BE408C71949F1E582340 /* HealthProfile.swift in Sources */,
				0D87387D9625A5E0D6645E02 /* ICloudMonitor.swift in Sources */,
				30B68822C19248773D62696A /* LifeCalendarView.swift in Sources */,
				F9CFE333BC9375AD2A481B9C /* LifestyleView.swift in Sources */,
				0F7F142E18D533C8791C697B /* MortalLoomApp.swift in Sources */,
				3ED7DB9F890E096685B588FA /* OnboardingView.swift in Sources */,
				F693696AC5E6CC72FC037C48 /* OverviewView.swift in Sources */,
				528323E013ED0AE7CB0D781A /* SampleData.swift in Sources */,
				E118CBAF40777154C639267F /* SettingsView.swift in Sources */,
				32B20B696284DEE2E3ED3ED6 /* SideMenuView.swift in Sources */,
				BB734E45988022F6F6C80BF3 /* SubstanceEntry.swift in Sources */,
				F94DC225DE842B1FBDB919DC /* SubstancesView.swift in Sources */,
				102EC106BBDF1BC27CB3AC74 /* Theme.swift in Sources */,
			);
			runOnlyForDeploymentPostprocessing = 0;
		};
		E807A08906E51A628D0319C5 /* Sources */ = {
			isa = PBXSourcesBuildPhase;
			buildActionMask = 2147483647;
			files = (
				53B90A52CDA6CC6EAEF56C54 /* AppData.swift in Sources */,
				6B55E49F18136F5F6D016FAC /* AppearanceManager.swift in Sources */,
				C505D8C48C08E5ECEAE8215B /* BloodTest.swift in Sources */,
				3F2F2D1B90AB3A95141A9988 /* BloodView.swift in Sources */,
				9D54A8470E4B66EA28F7DBE9 /* BodyEntry.swift in Sources */,
				576B5647EBFAD63011F04625 /* BodyView.swift in Sources */,
				74DDF95780AC8638A23077D4 /* CorrelationEngine.swift in Sources */,
				4E21F7279130B3025E25A8EA /* DataStore.swift in Sources */,
				64B0B5357DF80CDAEB3370A1 /* DeathClockEngine.swift in Sources */,
				706C426B98DE5CF39A715C7E /* EpigeneticTest.swift in Sources */,
				89C3332067D295F52E472691 /* EyeExam.swift in Sources */,
				259AA046172B3216F2A26D31 /* GenomeView.swift in Sources */,
				0C79D35D1C1B65C542D61330 /* Goal.swift in Sources */,
				2CB9A37BB736198316B44405 /* GoalEngine.swift in Sources */,
				5A899756D6699F992ED25C16 /* GoalsView.swift in Sources */,
				A17140154ACE65029AA7C02B /* HealthKitService.swift in Sources */,
				43F16D78B1B0322352E79E50 /* HealthKitSync.swift in Sources */,
				515DD50D2EF016BD9377F88E /* HealthMetricEntry.swift in Sources */,
				F6492A6DE3039DDD7AD27755 /* HealthProfile.swift in Sources */,
				193B171336A15EE178F25D61 /* ICloudMonitor.swift in Sources */,
				6E9F84A23A6E864D78163091 /* LifeCalendarView.swift in Sources */,
				5A2E410C2C2B798ACABD6D2F /* LifestyleView.swift in Sources */,
				3EB4BFEEC7B0A7546C3AA212 /* MortalLoomApp.swift in Sources */,
				4C7D365FE00B06FD6BEF3568 /* OnboardingView.swift in Sources */,
				F70C90E5AEE5A80B621DDA0A /* OverviewView.swift in Sources */,
				B7F6281A505841E019DE76FA /* SampleData.swift in Sources */,
				CAE4E3026BDDD0FF4A4CBBA1 /* SettingsView.swift in Sources */,
				AA6C2E9E92FDD28CC9446059 /* SideMenuView.swift in Sources */,
				B9CD04929700DA3CFF13A92E /* SubstanceEntry.swift in Sources */,
				E7899B9BBD38F6820A45779D /* SubstancesView.swift in Sources */,
				DD7B9C9787A28BAD1712D040 /* Theme.swift in Sources */,
			);
			runOnlyForDeploymentPostprocessing = 0;
		};
/* End PBXSourcesBuildPhase section */

/* Begin PBXTargetDependency section */
		1409680A6FBF6F10C371A416 /* PBXTargetDependency */ = {
			isa = PBXTargetDependency;
			target = 2B3719758DE43B582B14978B /* MortalLoom_iOS */;
			targetProxy = F89E935995737CAE101F0337 /* PBXContainerItemProxy */;
		};
		1480E76FA0005DD4D269241D /* PBXTargetDependency */ = {
			isa = PBXTargetDependency;
			target = A0DED99AD0B32A6A9FF11972 /* MortalLoom_macOS */;
			targetProxy = 0A1476A1B7A19716F7D2901B /* PBXContainerItemProxy */;
		};
		4B65A864B6C83A97142D078E /* PBXTargetDependency */ = {
			isa = PBXTargetDependency;
			target = 2B3719758DE43B582B14978B /* MortalLoom_iOS */;
			targetProxy = 0591E1B72CAFEC79575E2DF2 /* PBXContainerItemProxy */;
		};
/* End PBXTargetDependency section */

/* Begin XCBuildConfiguration section */
		164FA22E8357763BD65D39D6 /* Release */ = {
			isa = XCBuildConfiguration;
			buildSettings = {
				ALWAYS_SEARCH_USER_PATHS = NO;
				CLANG_ANALYZER_NONNULL = YES;
				CLANG_ANALYZER_NUMBER_OBJECT_CONVERSION = YES_AGGRESSIVE;
				CLANG_CXX_LANGUAGE_STANDARD = "gnu++14";
				CLANG_CXX_LIBRARY = "libc++";
				CLANG_ENABLE_MODULES = YES;
				CLANG_ENABLE_OBJC_ARC = YES;
				CLANG_ENABLE_OBJC_WEAK = YES;
				CLANG_WARN_BLOCK_CAPTURE_AUTORELEASING = YES;
				CLANG_WARN_BOOL_CONVERSION = YES;
				CLANG_WARN_COMMA = YES;
				CLANG_WARN_CONSTANT_CONVERSION = YES;
				CLANG_WARN_DEPRECATED_OBJC_IMPLEMENTATIONS = YES;
				CLANG_WARN_DIRECT_OBJC_ISA_USAGE = YES_ERROR;
				CLANG_WARN_DOCUMENTATION_COMMENTS = YES;
				CLANG_WARN_EMPTY_BODY = YES;
				CLANG_WARN_ENUM_CONVERSION = YES;
				CLANG_WARN_INFINITE_RECURSION = YES;
				CLANG_WARN_INT_CONVERSION = YES;
				CLANG_WARN_NON_LITERAL_NULL_CONVERSION = YES;
				CLANG_WARN_OBJC_IMPLICIT_RETAIN_SELF = YES;
				CLANG_WARN_OBJC_LITERAL_CONVERSION = YES;
				CLANG_WARN_OBJC_ROOT_CLASS = YES_ERROR;
				CLANG_WARN_QUOTED_INCLUDE_IN_FRAMEWORK_HEADER = YES;
				CLANG_WARN_RANGE_LOOP_ANALYSIS = YES;
				CLANG_WARN_STRICT_PROTOTYPES = YES;
				CLANG_WARN_SUSPICIOUS_MOVE = YES;
				CLANG_WARN_UNGUARDED_AVAILABILITY = YES_AGGRESSIVE;
				CLANG_WARN_UNREACHABLE_CODE = YES;
				CLANG_WARN__DUPLICATE_METHOD_MATCH = YES;
				COPY_PHASE_STRIP = NO;
				CURRENT_PROJECT_VERSION = 6;
				DEAD_CODE_STRIPPING = YES;
				DEBUG_INFORMATION_FORMAT = "dwarf-with-dsym";
				DEVELOPMENT_TEAM = TYQ32QCF6K;
				ENABLE_NS_ASSERTIONS = NO;
				ENABLE_STRICT_OBJC_MSGSEND = YES;
				ENABLE_USER_SCRIPT_SANDBOXING = YES;
				GCC_C_LANGUAGE_STANDARD = gnu11;
				GCC_NO_COMMON_BLOCKS = YES;
				GCC_WARN_64_TO_32_BIT_CONVERSION = YES;
				GCC_WARN_ABOUT_RETURN_TYPE = YES_ERROR;
				GCC_WARN_UNDECLARED_SELECTOR = YES;
				GCC_WARN_UNINITIALIZED_AUTOS = YES_AGGRESSIVE;
				GCC_WARN_UNUSED_FUNCTION = YES;
				GCC_WARN_UNUSED_VARIABLE = YES;
				IPHONEOS_DEPLOYMENT_TARGET = 17.0;
				MACOSX_DEPLOYMENT_TARGET = 14.0;
				MARKETING_VERSION = 1.0.0;
				MTL_ENABLE_DEBUG_INFO = NO;
				MTL_FAST_MATH = YES;
				PRODUCT_NAME = "$(TARGET_NAME)";
				SWIFT_COMPILATION_MODE = wholemodule;
				SWIFT_EMIT_LOC_STRINGS = YES;
				SWIFT_OPTIMIZATION_LEVEL = "-O";
				SWIFT_VERSION = 6.0;
			};
			name = Release;
		};
		21071B4C765CC4513C9D8A5B /* Release */ = {
			isa = XCBuildConfiguration;
			buildSettings = {
				BUNDLE_LOADER = "$(TEST_HOST)";
				LD_RUNPATH_SEARCH_PATHS = (
					"$(inherited)",
					"@executable_path/Frameworks",
					"@loader_path/Frameworks",
				);
				PRODUCT_BUNDLE_IDENTIFIER = net.shadowpuppet.MeatSpaceTracker.tests;
				SDKROOT = iphoneos;
				TARGETED_DEVICE_FAMILY = "1,2";
				TEST_HOST = "$(BUILT_PRODUCTS_DIR)/MortalLoom.app/MortalLoom";
			};
			name = Release;
		};
		3083C5F0C57C3231C71772D5 /* Release */ = {
			isa = XCBuildConfiguration;
			buildSettings = {
				BUNDLE_LOADER = "$(TEST_HOST)";
				COMBINE_HIDPI_IMAGES = YES;
				LD_RUNPATH_SEARCH_PATHS = (
					"$(inherited)",
					"@executable_path/../Frameworks",
					"@loader_path/../Frameworks",
				);
				PRODUCT_BUNDLE_IDENTIFIER = net.shadowpuppet.MeatSpaceTracker.tests;
				SDKROOT = macosx;
				TEST_HOST = "$(BUILT_PRODUCTS_DIR)/MortalLoom.app/Contents/MacOS/MortalLoom";
			};
			name = Release;
		};
		30ED1C62D6C03A26D79BD58A /* Release */ = {
			isa = XCBuildConfiguration;
			buildSettings = {
				ASSETCATALOG_COMPILER_APPICON_NAME = AppIcon;
				CODE_SIGN_ENTITLEMENTS = MortalLoom/App/MortalLoom.entitlements;
				CODE_SIGN_IDENTITY = "iPhone Developer";
				CODE_SIGN_STYLE = Automatic;
				DEVELOPMENT_TEAM = TYQ32QCF6K;
				INFOPLIST_FILE = MortalLoom/App/Info.plist;
				INFOPLIST_KEY_CFBundleDisplayName = MortalLoom;
				INFOPLIST_KEY_ITSAppUsesNonExemptEncryption = NO;
				INFOPLIST_KEY_LSApplicationCategoryType = "public.app-category.healthcare-fitness";
				INFOPLIST_KEY_NSHealthShareUsageDescription = "MortalLoom reads your health data to display metrics and trends.";
				INFOPLIST_KEY_NSHealthUpdateUsageDescription = "MortalLoom writes health data to keep your records in sync.";
				INFOPLIST_KEY_UISupportedInterfaceOrientations_iPad = "UIInterfaceOrientationPortrait UIInterfaceOrientationPortraitUpsideDown UIInterfaceOrientationLandscapeLeft UIInterfaceOrientationLandscapeRight";
				INFOPLIST_KEY_UISupportedInterfaceOrientations_iPhone = "UIInterfaceOrientationPortrait UIInterfaceOrientationLandscapeLeft UIInterfaceOrientationLandscapeRight";
				LD_RUNPATH_SEARCH_PATHS = (
					"$(inherited)",
					"@executable_path/Frameworks",
				);
				PRODUCT_BUNDLE_IDENTIFIER = net.shadowpuppet.MeatSpaceTracker;
				PRODUCT_NAME = MortalLoom;
				SDKROOT = iphoneos;
				SUPPORTS_MAC_DESIGNED_FOR_IPHONE_IPAD = NO;
				TARGETED_DEVICE_FAMILY = "1,2";
			};
			name = Release;
		};
		5A8471C1B7A95DDE76E0D3E6 /* Release */ = {
			isa = XCBuildConfiguration;
			buildSettings = {
				BUNDLE_LOADER = "$(TEST_HOST)";
				LD_RUNPATH_SEARCH_PATHS = (
					"$(inherited)",
					"@executable_path/Frameworks",
					"@loader_path/Frameworks",
				);
				PRODUCT_BUNDLE_IDENTIFIER = net.shadowpuppet.MeatSpaceTracker.uitests;
				SDKROOT = iphoneos;
				TARGETED_DEVICE_FAMILY = "1,2";
				TEST_TARGET_NAME = MortalLoom_iOS;
			};
			name = Release;
		};
		8044B74645BD7FCFF9AB99FC /* Debug */ = {
			isa = XCBuildConfiguration;
			buildSettings = {
				BUNDLE_LOADER = "$(TEST_HOST)";
				COMBINE_HIDPI_IMAGES = YES;
				LD_RUNPATH_SEARCH_PATHS = (
					"$(inherited)",
					"@executable_path/../Frameworks",
					"@loader_path/../Frameworks",
				);
				PRODUCT_BUNDLE_IDENTIFIER = net.shadowpuppet.MeatSpaceTracker.tests;
				SDKROOT = macosx;
				TEST_HOST = "$(BUILT_PRODUCTS_DIR)/MortalLoom.app/Contents/MacOS/MortalLoom";
			};
			name = Debug;
		};
		A36F7C48F6125095BF7D6E18 /* Debug */ = {
			isa = XCBuildConfiguration;
			buildSettings = {
				BUNDLE_LOADER = "$(TEST_HOST)";
				LD_RUNPATH_SEARCH_PATHS = (
					"$(inherited)",
					"@executable_path/Frameworks",
					"@loader_path/Frameworks",
				);
				PRODUCT_BUNDLE_IDENTIFIER = net.shadowpuppet.MeatSpaceTracker.tests;
				SDKROOT = iphoneos;
				TARGETED_DEVICE_FAMILY = "1,2";
				TEST_HOST = "$(BUILT_PRODUCTS_DIR)/MortalLoom.app/MortalLoom";
			};
			name = Debug;
		};
		B42353243FF548855C1AE257 /* Debug */ = {
			isa = XCBuildConfiguration;
			buildSettings = {
				ASSETCATALOG_COMPILER_APPICON_NAME = AppIcon;
				CODE_SIGN_ENTITLEMENTS = MortalLoom/App/MortalLoom.entitlements;
				CODE_SIGN_IDENTITY = "iPhone Developer";
				CODE_SIGN_STYLE = Automatic;
				DEVELOPMENT_TEAM = TYQ32QCF6K;
				INFOPLIST_FILE = MortalLoom/App/Info.plist;
				INFOPLIST_KEY_CFBundleDisplayName = MortalLoom;
				INFOPLIST_KEY_ITSAppUsesNonExemptEncryption = NO;
				INFOPLIST_KEY_LSApplicationCategoryType = "public.app-category.healthcare-fitness";
				INFOPLIST_KEY_NSHealthShareUsageDescription = "MortalLoom reads your health data to display metrics and trends.";
				INFOPLIST_KEY_NSHealthUpdateUsageDescription = "MortalLoom writes health data to keep your records in sync.";
				INFOPLIST_KEY_UISupportedInterfaceOrientations_iPad = "UIInterfaceOrientationPortrait UIInterfaceOrientationPortraitUpsideDown UIInterfaceOrientationLandscapeLeft UIInterfaceOrientationLandscapeRight";
				INFOPLIST_KEY_UISupportedInterfaceOrientations_iPhone = "UIInterfaceOrientationPortrait UIInterfaceOrientationLandscapeLeft UIInterfaceOrientationLandscapeRight";
				LD_RUNPATH_SEARCH_PATHS = (
					"$(inherited)",
					"@executable_path/Frameworks",
				);
				PRODUCT_BUNDLE_IDENTIFIER = net.shadowpuppet.MeatSpaceTracker;
				PRODUCT_NAME = MortalLoom;
				SDKROOT = iphoneos;
				SUPPORTS_MAC_DESIGNED_FOR_IPHONE_IPAD = NO;
				TARGETED_DEVICE_FAMILY = "1,2";
			};
			name = Debug;
		};
		C07D10D5FA999C9F0FF543FF /* Debug */ = {
			isa = XCBuildConfiguration;
			buildSettings = {
				ALWAYS_SEARCH_USER_PATHS = NO;
				CLANG_ANALYZER_NONNULL = YES;
				CLANG_ANALYZER_NUMBER_OBJECT_CONVERSION = YES_AGGRESSIVE;
				CLANG_CXX_LANGUAGE_STANDARD = "gnu++14";
				CLANG_CXX_LIBRARY = "libc++";
				CLANG_ENABLE_MODULES = YES;
				CLANG_ENABLE_OBJC_ARC = YES;
				CLANG_ENABLE_OBJC_WEAK = YES;
				CLANG_WARN_BLOCK_CAPTURE_AUTORELEASING = YES;
				CLANG_WARN_BOOL_CONVERSION = YES;
				CLANG_WARN_COMMA = YES;
				CLANG_WARN_CONSTANT_CONVERSION = YES;
				CLANG_WARN_DEPRECATED_OBJC_IMPLEMENTATIONS = YES;
				CLANG_WARN_DIRECT_OBJC_ISA_USAGE = YES_ERROR;
				CLANG_WARN_DOCUMENTATION_COMMENTS = YES;
				CLANG_WARN_EMPTY_BODY = YES;
				CLANG_WARN_ENUM_CONVERSION = YES;
				CLANG_WARN_INFINITE_RECURSION = YES;
				CLANG_WARN_INT_CONVERSION = YES;
				CLANG_WARN_NON_LITERAL_NULL_CONVERSION = YES;
				CLANG_WARN_OBJC_IMPLICIT_RETAIN_SELF = YES;
				CLANG_WARN_OBJC_LITERAL_CONVERSION = YES;
				CLANG_WARN_OBJC_ROOT_CLASS = YES_ERROR;
				CLANG_WARN_QUOTED_INCLUDE_IN_FRAMEWORK_HEADER = YES;
				CLANG_WARN_RANGE_LOOP_ANALYSIS = YES;
				CLANG_WARN_STRICT_PROTOTYPES = YES;
				CLANG_WARN_SUSPICIOUS_MOVE = YES;
				CLANG_WARN_UNGUARDED_AVAILABILITY = YES_AGGRESSIVE;
				CLANG_WARN_UNREACHABLE_CODE = YES;
				CLANG_WARN__DUPLICATE_METHOD_MATCH = YES;
				COPY_PHASE_STRIP = NO;
				CURRENT_PROJECT_VERSION = 6;
				DEAD_CODE_STRIPPING = YES;
				DEBUG_INFORMATION_FORMAT = dwarf;
				DEVELOPMENT_TEAM = TYQ32QCF6K;
				ENABLE_STRICT_OBJC_MSGSEND = YES;
				ENABLE_TESTABILITY = YES;
				ENABLE_USER_SCRIPT_SANDBOXING = YES;
				GCC_C_LANGUAGE_STANDARD = gnu11;
				GCC_DYNAMIC_NO_PIC = NO;
				GCC_NO_COMMON_BLOCKS = YES;
				GCC_OPTIMIZATION_LEVEL = 0;
				GCC_PREPROCESSOR_DEFINITIONS = (
					"$(inherited)",
					"DEBUG=1",
				);
				GCC_WARN_64_TO_32_BIT_CONVERSION = YES;
				GCC_WARN_ABOUT_RETURN_TYPE = YES_ERROR;
				GCC_WARN_UNDECLARED_SELECTOR = YES;
				GCC_WARN_UNINITIALIZED_AUTOS = YES_AGGRESSIVE;
				GCC_WARN_UNUSED_FUNCTION = YES;
				GCC_WARN_UNUSED_VARIABLE = YES;
				IPHONEOS_DEPLOYMENT_TARGET = 17.0;
				MACOSX_DEPLOYMENT_TARGET = 14.0;
				MARKETING_VERSION = 1.0.0;
				MTL_ENABLE_DEBUG_INFO = INCLUDE_SOURCE;
				MTL_FAST_MATH = YES;
				ONLY_ACTIVE_ARCH = YES;
				PRODUCT_NAME = "$(TARGET_NAME)";
				SWIFT_ACTIVE_COMPILATION_CONDITIONS = DEBUG;
				SWIFT_EMIT_LOC_STRINGS = YES;
				SWIFT_OPTIMIZATION_LEVEL = "-Onone";
				SWIFT_VERSION = 6.0;
			};
			name = Debug;
		};
		C14FEC6DAFE99F28EAEB8AAD /* Debug */ = {
			isa = XCBuildConfiguration;
			buildSettings = {
				ASSETCATALOG_COMPILER_APPICON_NAME = AppIcon;
				CODE_SIGN_ENTITLEMENTS = MortalLoom/App/MortalLoom.entitlements;
				CODE_SIGN_STYLE = Automatic;
				COMBINE_HIDPI_IMAGES = YES;
				DEVELOPMENT_TEAM = TYQ32QCF6K;
				INFOPLIST_FILE = MortalLoom/App/Info.plist;
				INFOPLIST_KEY_CFBundleDisplayName = MortalLoom;
				INFOPLIST_KEY_ITSAppUsesNonExemptEncryption = NO;
				INFOPLIST_KEY_LSApplicationCategoryType = "public.app-category.healthcare-fitness";
				INFOPLIST_KEY_NSHealthShareUsageDescription = "MortalLoom reads your health data to display metrics and trends.";
				INFOPLIST_KEY_NSHealthUpdateUsageDescription = "MortalLoom writes health data to keep your records in sync.";
				INFOPLIST_KEY_UISupportedInterfaceOrientations_iPad = "UIInterfaceOrientationPortrait UIInterfaceOrientationPortraitUpsideDown UIInterfaceOrientationLandscapeLeft UIInterfaceOrientationLandscapeRight";
				INFOPLIST_KEY_UISupportedInterfaceOrientations_iPhone = "UIInterfaceOrientationPortrait UIInterfaceOrientationLandscapeLeft UIInterfaceOrientationLandscapeRight";
				LD_RUNPATH_SEARCH_PATHS = (
					"$(inherited)",
					"@executable_path/../Frameworks",
				);
				PRODUCT_BUNDLE_IDENTIFIER = net.shadowpuppet.MeatSpaceTracker;
				PRODUCT_NAME = MortalLoom;
				SDKROOT = macosx;
				SUPPORTS_MAC_DESIGNED_FOR_IPHONE_IPAD = NO;
			};
			name = Debug;
		};
		CD8247966930EB0D2D9DD0DD /* Release */ = {
			isa = XCBuildConfiguration;
			buildSettings = {
				ASSETCATALOG_COMPILER_APPICON_NAME = AppIcon;
				CODE_SIGN_ENTITLEMENTS = MortalLoom/App/MortalLoom.entitlements;
				CODE_SIGN_STYLE = Automatic;
				COMBINE_HIDPI_IMAGES = YES;
				DEVELOPMENT_TEAM = TYQ32QCF6K;
				INFOPLIST_FILE = MortalLoom/App/Info.plist;
				INFOPLIST_KEY_CFBundleDisplayName = MortalLoom;
				INFOPLIST_KEY_ITSAppUsesNonExemptEncryption = NO;
				INFOPLIST_KEY_LSApplicationCategoryType = "public.app-category.healthcare-fitness";
				INFOPLIST_KEY_NSHealthShareUsageDescription = "MortalLoom reads your health data to display metrics and trends.";
				INFOPLIST_KEY_NSHealthUpdateUsageDescription = "MortalLoom writes health data to keep your records in sync.";
				INFOPLIST_KEY_UISupportedInterfaceOrientations_iPad = "UIInterfaceOrientationPortrait UIInterfaceOrientationPortraitUpsideDown UIInterfaceOrientationLandscapeLeft UIInterfaceOrientationLandscapeRight";
				INFOPLIST_KEY_UISupportedInterfaceOrientations_iPhone = "UIInterfaceOrientationPortrait UIInterfaceOrientationLandscapeLeft UIInterfaceOrientationLandscapeRight";
				LD_RUNPATH_SEARCH_PATHS = (
					"$(inherited)",
					"@executable_path/../Frameworks",
				);
				PRODUCT_BUNDLE_IDENTIFIER = net.shadowpuppet.MeatSpaceTracker;
				PRODUCT_NAME = MortalLoom;
				SDKROOT = macosx;
				SUPPORTS_MAC_DESIGNED_FOR_IPHONE_IPAD = NO;
			};
			name = Release;
		};
		FC51E338BA94FD22355D3F10 /* Debug */ = {
			isa = XCBuildConfiguration;
			buildSettings = {
				BUNDLE_LOADER = "$(TEST_HOST)";
				LD_RUNPATH_SEARCH_PATHS = (
					"$(inherited)",
					"@executable_path/Frameworks",
					"@loader_path/Frameworks",
				);
				PRODUCT_BUNDLE_IDENTIFIER = net.shadowpuppet.MeatSpaceTracker.uitests;
				SDKROOT = iphoneos;
				TARGETED_DEVICE_FAMILY = "1,2";
				TEST_TARGET_NAME = MortalLoom_iOS;
			};
			name = Debug;
		};
/* End XCBuildConfiguration section */

/* Begin XCConfigurationList section */
		183DF249C37E4A0CB9E6F1F6 /* Build configuration list for PBXNativeTarget "MortalLoom_iOS" */ = {
			isa = XCConfigurationList;
			buildConfigurations = (
				B42353243FF548855C1AE257 /* Debug */,
				30ED1C62D6C03A26D79BD58A /* Release */,
			);
			defaultConfigurationIsVisible = 0;
			defaultConfigurationName = Debug;
		};
		405608E35AE8C59AF53353FC /* Build configuration list for PBXNativeTarget "MortalLoomTests_macOS" */ = {
			isa = XCConfigurationList;
			buildConfigurations = (
				8044B74645BD7FCFF9AB99FC /* Debug */,
				3083C5F0C57C3231C71772D5 /* Release */,
			);
			defaultConfigurationIsVisible = 0;
			defaultConfigurationName = Debug;
		};
		67B1C5EC93372CF8AE7BEF99 /* Build configuration list for PBXNativeTarget "MortalLoomUITests_iOS" */ = {
			isa = XCConfigurationList;
			buildConfigurations = (
				FC51E338BA94FD22355D3F10 /* Debug */,
				5A8471C1B7A95DDE76E0D3E6 /* Release */,
			);
			defaultConfigurationIsVisible = 0;
			defaultConfigurationName = Debug;
		};
		7450438796622DFC96206E7F /* Build configuration list for PBXNativeTarget "MortalLoomTests_iOS" */ = {
			isa = XCConfigurationList;
			buildConfigurations = (
				A36F7C48F6125095BF7D6E18 /* Debug */,
				21071B4C765CC4513C9D8A5B /* Release */,
			);
			defaultConfigurationIsVisible = 0;
			defaultConfigurationName = Debug;
		};
		AE92E1D225F45508E773C574 /* Build configuration list for PBXNativeTarget "MortalLoom_macOS" */ = {
			isa = XCConfigurationList;
			buildConfigurations = (
				C14FEC6DAFE99F28EAEB8AAD /* Debug */,
				CD8247966930EB0D2D9DD0DD /* Release */,
			);
			defaultConfigurationIsVisible = 0;
			defaultConfigurationName = Debug;
		};
		E1A1CEB6C703E8A52DD33F10 /* Build configuration list for PBXProject "MortalLoom" */ = {
			isa = XCConfigurationList;
			buildConfigurations = (
				C07D10D5FA999C9F0FF543FF /* Debug */,
				164FA22E8357763BD65D39D6 /* Release */,
			);
			defaultConfigurationIsVisible = 0;
			defaultConfigurationName = Debug;
		};
/* End XCConfigurationList section */
	};
	rootObject = AA97B8DC6CC30137C00C725E /* Project object */;
}
